dependencies:
- name: grafana
  repository: file://charts/grafana
  version: 0.1.1
- name: prometheus
  repository: file://charts/prometheus
  version: 0.1.1
- name: pgsql-ha
  repository: file://charts/pgsql-ha
  version: 0.1.1
- name: postgres-exporter
  repository: file://charts/postgres-exporter
  version: 0.1.0
digest: sha256:299edc2839c43078edf20b57af742a0bd43f1ad3c27bde546fb8c0f248a7fb67
generated: "2025-06-14T11:15:36.250151455+02:00"
